lockfileVersion: '9.0'

settings:
  autoInstallPeers: true
  excludeLinksFromLockfile: false

importers:

  .:
    dependencies:
      next:
        specifier: ^13.4.4
        version: 13.5.11(react-dom@18.3.1(react@18.3.1))(react@18.3.1)
      react:
        specifier: ^18.2.0
        version: 18.3.1
      react-dom:
        specifier: ^18.2.0
        version: 18.3.1(react@18.3.1)
      wretch:
        specifier: ^2.7.0
        version: 2.11.0
      zod:
        specifier: ^3.22.4
        version: 3.25.76
    devDependencies:
      '@biomejs/biome':
        specifier: ^2.2.4
        version: 2.2.4
      '@types/node':
        specifier: ^20.2.5
        version: 20.19.10
      '@types/react':
        specifier: ^18.2.8
        version: 18.3.23
      typescript:
        specifier: ^4.9.5
        version: 4.9.5

packages:

  '@biomejs/biome@2.2.4':
    resolution: {integrity: sha512-TBHU5bUy/Ok6m8c0y3pZiuO/BZoY/OcGxoLlrfQof5s8ISVwbVBdFINPQZyFfKwil8XibYWb7JMwnT8wT4WVPg==}
    engines: {node: '>=14.21.3'}
    hasBin: true

  '@biomejs/cli-darwin-arm64@2.2.4':
    resolution: {integrity: sha512-RJe2uiyaloN4hne4d2+qVj3d3gFJFbmrr5PYtkkjei1O9c+BjGXgpUPVbi8Pl8syumhzJjFsSIYkcLt2VlVLMA==}
    engines: {node: '>=14.21.3'}
    cpu: [arm64]
    os: [darwin]

  '@biomejs/cli-darwin-x64@2.2.4':
    resolution: {integrity: sha512-cFsdB4ePanVWfTnPVaUX+yr8qV8ifxjBKMkZwN7gKb20qXPxd/PmwqUH8mY5wnM9+U0QwM76CxFyBRJhC9tQwg==}
    engines: {node: '>=14.21.3'}
    cpu: [x64]
    os: [darwin]

  '@biomejs/cli-linux-arm64-musl@2.2.4':
    resolution: {integrity: sha512-7TNPkMQEWfjvJDaZRSkDCPT/2r5ESFPKx+TEev+I2BXDGIjfCZk2+b88FOhnJNHtksbOZv8ZWnxrA5gyTYhSsQ==}
    engines: {node: '>=14.21.3'}
    cpu: [arm64]
    os: [linux]

  '@biomejs/cli-linux-arm64@2.2.4':
    resolution: {integrity: sha512-M/Iz48p4NAzMXOuH+tsn5BvG/Jb07KOMTdSVwJpicmhN309BeEyRyQX+n1XDF0JVSlu28+hiTQ2L4rZPvu7nMw==}
    engines: {node: '>=14.21.3'}
    cpu: [arm64]
    os: [linux]

  '@biomejs/cli-linux-x64-musl@2.2.4':
    resolution: {integrity: sha512-m41nFDS0ksXK2gwXL6W6yZTYPMH0LughqbsxInSKetoH6morVj43szqKx79Iudkp8WRT5SxSh7qVb8KCUiewGg==}
    engines: {node: '>=14.21.3'}
    cpu: [x64]
    os: [linux]

  '@biomejs/cli-linux-x64@2.2.4':
    resolution: {integrity: sha512-orr3nnf2Dpb2ssl6aihQtvcKtLySLta4E2UcXdp7+RTa7mfJjBgIsbS0B9GC8gVu0hjOu021aU8b3/I1tn+pVQ==}
    engines: {node: '>=14.21.3'}
    cpu: [x64]
    os: [linux]

  '@biomejs/cli-win32-arm64@2.2.4':
    resolution: {integrity: sha512-NXnfTeKHDFUWfxAefa57DiGmu9VyKi0cDqFpdI+1hJWQjGJhJutHPX0b5m+eXvTKOaf+brU+P0JrQAZMb5yYaQ==}
    engines: {node: '>=14.21.3'}
    cpu: [arm64]
    os: [win32]

  '@biomejs/cli-win32-x64@2.2.4':
    resolution: {integrity: sha512-3Y4V4zVRarVh/B/eSHczR4LYoSVyv3Dfuvm3cWs5w/HScccS0+Wt/lHOcDTRYeHjQmMYVC3rIRWqyN2EI52+zg==}
    engines: {node: '>=14.21.3'}
    cpu: [x64]
    os: [win32]

  '@next/env@13.5.11':
    resolution: {integrity: sha512-fbb2C7HChgM7CemdCY+y3N1n8pcTKdqtQLbC7/EQtPdLvlMUT9JX/dBYl8MMZAtYG4uVMyPFHXckb68q/NRwqg==}

  '@next/swc-darwin-arm64@13.5.9':
    resolution: {integrity: sha512-pVyd8/1y1l5atQRvOaLOvfbmRwefxLhqQOzYo/M7FQ5eaRwA1+wuCn7t39VwEgDd7Aw1+AIWwd+MURXUeXhwDw==}
    engines: {node: '>= 10'}
    cpu: [arm64]
    os: [darwin]

  '@next/swc-darwin-x64@13.5.9':
    resolution: {integrity: sha512-DwdeJqP7v8wmoyTWPbPVodTwCybBZa02xjSJ6YQFIFZFZ7dFgrieKW4Eo0GoIcOJq5+JxkQyejmI+8zwDp3pwA==}
    engines: {node: '>= 10'}
    cpu: [x64]
    os: [darwin]

  '@next/swc-linux-arm64-gnu@13.5.9':
    resolution: {integrity: sha512-wdQsKsIsGSNdFojvjW3Ozrh8Q00+GqL3wTaMjDkQxVtRbAqfFBtrLPO0IuWChVUP2UeuQcHpVeUvu0YgOP00+g==}
    engines: {node: '>= 10'}
    cpu: [arm64]
    os: [linux]

  '@next/swc-linux-arm64-musl@13.5.9':
    resolution: {integrity: sha512-6VpS+bodQqzOeCwGxoimlRoosiWlSc0C224I7SQWJZoyJuT1ChNCo+45QQH+/GtbR/s7nhaUqmiHdzZC9TXnXA==}
    engines: {node: '>= 10'}
    cpu: [arm64]
    os: [linux]

  '@next/swc-linux-x64-gnu@13.5.9':
    resolution: {integrity: sha512-XxG3yj61WDd28NA8gFASIR+2viQaYZEFQagEodhI/R49gXWnYhiflTeeEmCn7Vgnxa/OfK81h1gvhUZ66lozpw==}
    engines: {node: '>= 10'}
    cpu: [x64]
    os: [linux]

  '@next/swc-linux-x64-musl@13.5.9':
    resolution: {integrity: sha512-/dnscWqfO3+U8asd+Fc6dwL2l9AZDl7eKtPNKW8mKLh4Y4wOpjJiamhe8Dx+D+Oq0GYVjuW0WwjIxYWVozt2bA==}
    engines: {node: '>= 10'}
    cpu: [x64]
    os: [linux]

  '@next/swc-win32-arm64-msvc@13.5.9':
    resolution: {integrity: sha512-T/iPnyurOK5a4HRUcxAlss8uzoEf5h9tkd+W2dSWAfzxv8WLKlUgbfk+DH43JY3Gc2xK5URLuXrxDZ2mGfk/jw==}
    engines: {node: '>= 10'}
    cpu: [arm64]
    os: [win32]

  '@next/swc-win32-ia32-msvc@13.5.9':
    resolution: {integrity: sha512-BLiPKJomaPrTAb7ykjA0LPcuuNMLDVK177Z1xe0nAem33+9FIayU4k/OWrtSn9SAJW/U60+1hoey5z+KCHdRLQ==}
    engines: {node: '>= 10'}
    cpu: [ia32]
    os: [win32]

  '@next/swc-win32-x64-msvc@13.5.9':
    resolution: {integrity: sha512-/72/dZfjXXNY/u+n8gqZDjI6rxKMpYsgBBYNZKWOQw0BpBF7WCnPflRy3ZtvQ2+IYI3ZH2bPyj7K+6a6wNk90Q==}
    engines: {node: '>= 10'}
    cpu: [x64]
    os: [win32]

  '@swc/helpers@0.5.2':
    resolution: {integrity: sha512-E4KcWTpoLHqwPHLxidpOqQbcrZVgi0rsmmZXUle1jXmJfuIf/UWpczUJ7MZZ5tlxytgJXyp0w4PGkkeLiuIdZw==}

  '@types/node@20.19.10':
    resolution: {integrity: sha512-iAFpG6DokED3roLSP0K+ybeDdIX6Bc0Vd3mLW5uDqThPWtNos3E+EqOM11mPQHKzfWHqEBuLjIlsBQQ8CsISmQ==}

  '@types/prop-types@15.7.15':
    resolution: {integrity: sha512-F6bEyamV9jKGAFBEmlQnesRPGOQqS2+Uwi0Em15xenOxHaf2hv6L8YCVn3rPdPJOiJfPiCnLIRyvwVaqMY3MIw==}

  '@types/react@18.3.23':
    resolution: {integrity: sha512-/LDXMQh55EzZQ0uVAZmKKhfENivEvWz6E+EYzh+/MCjMhNsotd+ZHhBGIjFDTi6+fz0OhQQQLbTgdQIxxCsC0w==}

  busboy@1.6.0:
    resolution: {integrity: sha512-8SFQbg/0hQ9xy3UNTB0YEnsNBbWfhf7RtnzpL7TkBiTBRfrQ9Fxcnz7VJsleJpyp6rVLvXiuORqjlHi5q+PYuA==}
    engines: {node: '>=10.16.0'}

  caniuse-lite@1.0.30001734:
    resolution: {integrity: sha512-uhE1Ye5vgqju6OI71HTQqcBCZrvHugk0MjLak7Q+HfoBgoq5Bi+5YnwjP4fjDgrtYr/l8MVRBvzz9dPD4KyK0A==}

  client-only@0.0.1:
    resolution: {integrity: sha512-IV3Ou0jSMzZrd3pZ48nLkT9DA7Ag1pnPzaiQhpW7c3RbcqqzvzzVu+L8gfqMp/8IM2MQtSiqaCxrrcfu8I8rMA==}

  csstype@3.1.3:
    resolution: {integrity: sha512-M1uQkMl8rQK/szD0LNhtqxIPLpimGm8sOBwU7lLnCpSbTyY3yeU1Vc7l4KT5zT4s/yOxHH5O7tIuuLOCnLADRw==}

  glob-to-regexp@0.4.1:
    resolution: {integrity: sha512-lkX1HJXwyMcprw/5YUZc2s7DrpAiHB21/V+E1rHUrVNokkvB6bqMzT0VfV6/86ZNabt1k14YOIaT7nDvOX3Iiw==}

  graceful-fs@4.2.11:
    resolution: {integrity: sha512-RbJ5/jmFcNNCcDV5o9eTnBLJ/HszWV0P73bc+Ff4nS/rJj+YaS6IGyiOL0VoBYX+l1Wrl3k63h/KrH+nhJ0XvQ==}

  js-tokens@4.0.0:
    resolution: {integrity: sha512-RdJUflcE3cUzKiMqQgsCu06FPu9UdIJO0beYbPhHN4k6apgJtifcoCtT9bcxOpYBtpD2kCM6Sbzg4CausW/PKQ==}

  loose-envify@1.4.0:
    resolution: {integrity: sha512-lyuxPGr/Wfhrlem2CL/UcnUc1zcqKAImBDzukY7Y5F/yQiNdko6+fRLevlw1HgMySw7f611UIY408EtxRSoK3Q==}
    hasBin: true

  nanoid@3.3.11:
    resolution: {integrity: sha512-N8SpfPUnUp1bK+PMYW8qSWdl9U+wwNWI4QKxOYDy9JAro3WMX7p2OeVRF9v+347pnakNevPmiHhNmZ2HbFA76w==}
    engines: {node: ^10 || ^12 || ^13.7 || ^14 || >=15.0.1}
    hasBin: true

  next@13.5.11:
    resolution: {integrity: sha512-WUPJ6WbAX9tdC86kGTu92qkrRdgRqVrY++nwM+shmWQwmyxt4zhZfR59moXSI4N8GDYCBY3lIAqhzjDd4rTC8Q==}
    engines: {node: '>=16.14.0'}
    hasBin: true
    peerDependencies:
      '@opentelemetry/api': ^1.1.0
      react: ^18.2.0
      react-dom: ^18.2.0
      sass: ^1.3.0
    peerDependenciesMeta:
      '@opentelemetry/api':
        optional: true
      sass:
        optional: true

  picocolors@1.1.1:
    resolution: {integrity: sha512-xceH2snhtb5M9liqDsmEw56le376mTZkEX/jEb/RxNFyegNul7eNslCXP9FDj/Lcu0X8KEyMceP2ntpaHrDEVA==}

  postcss@8.4.31:
    resolution: {integrity: sha512-PS08Iboia9mts/2ygV3eLpY5ghnUcfLV/EXTOW1E2qYxJKGGBUtNjN76FYHnMs36RmARn41bC0AZmn+rR0OVpQ==}
    engines: {node: ^10 || ^12 || >=14}

  react-dom@18.3.1:
    resolution: {integrity: sha512-5m4nQKp+rZRb09LNH59GM4BxTh9251/ylbKIbpe7TpGxfJ+9kv6BLkLBXIjjspbgbnIBNqlI23tRnTWT0snUIw==}
    peerDependencies:
      react: ^18.3.1

  react@18.3.1:
    resolution: {integrity: sha512-wS+hAgJShR0KhEvPJArfuPVN1+Hz1t0Y6n5jLrGQbkb4urgPE/0Rve+1kMB1v/oWgHgm4WIcV+i7F2pTVj+2iQ==}
    engines: {node: '>=0.10.0'}

  scheduler@0.23.2:
    resolution: {integrity: sha512-UOShsPwz7NrMUqhR6t0hWjFduvOzbtv7toDH1/hIrfRNIDBnnBWd0CwJTGvTpngVlmwGCdP9/Zl/tVrDqcuYzQ==}

  source-map-js@1.2.1:
    resolution: {integrity: sha512-UXWMKhLOwVKb728IUtQPXxfYU+usdybtUrK/8uGE8CQMvrhOpwvzDBwj0QhSL7MQc7vIsISBG8VQ8+IDQxpfQA==}
    engines: {node: '>=0.10.0'}

  streamsearch@1.1.0:
    resolution: {integrity: sha512-Mcc5wHehp9aXz1ax6bZUyY5afg9u2rv5cqQI3mRrYkGC8rW2hM02jWuwjtL++LS5qinSyhj2QfLyNsuc+VsExg==}
    engines: {node: '>=10.0.0'}

  styled-jsx@5.1.1:
    resolution: {integrity: sha512-pW7uC1l4mBZ8ugbiZrcIsiIvVx1UmTfw7UkC3Um2tmfUq9Bhk8IiyEIPl6F8agHgjzku6j0xQEZbfA5uSgSaCw==}
    engines: {node: '>= 12.0.0'}
    peerDependencies:
      '@babel/core': '*'
      babel-plugin-macros: '*'
      react: '>= 16.8.0 || 17.x.x || ^18.0.0-0'
    peerDependenciesMeta:
      '@babel/core':
        optional: true
      babel-plugin-macros:
        optional: true

  tslib@2.8.1:
    resolution: {integrity: sha512-oJFu94HQb+KVduSUQL7wnpmqnfmLsOA/nAh6b6EH0wCEoK0/mPeXU6c3wKDV83MkOuHPRHtSXKKU99IBazS/2w==}

  typescript@4.9.5:
    resolution: {integrity: sha512-1FXk9E2Hm+QzZQ7z+McJiHL4NW1F2EzMu9Nq9i3zAaGqibafqYwCVU6WyWAuyQRRzOlxou8xZSyXLEN8oKj24g==}
    engines: {node: '>=4.2.0'}
    hasBin: true

  undici-types@6.21.0:
    resolution: {integrity: sha512-iwDZqg0QAGrg9Rav5H4n0M64c3mkR59cJ6wQp+7C4nI0gsmExaedaYLNO44eT4AtBBwjbTiGPMlt2Md0T9H9JQ==}

  watchpack@2.4.0:
    resolution: {integrity: sha512-Lcvm7MGST/4fup+ifyKi2hjyIAwcdI4HRgtvTpIUxBRhB+RFtUh8XtDOxUfctVCnhVi+QQj49i91OyvzkJl6cg==}
    engines: {node: '>=10.13.0'}

  wretch@2.11.0:
    resolution: {integrity: sha512-zbFW4PnPSS5RFQabHRkCAcMQjmFGrEQLcJwYe4YGXL9KWXneu03Dtaz2JUeqEkOwNDMjdfHEHPL+AIZJwE+y1g==}
    engines: {node: '>=14'}

  zod@3.25.76:
    resolution: {integrity: sha512-gzUt/qt81nXsFGKIFcC3YnfEAx5NkunCfnDlvuBSSFS02bcXu4Lmea0AFIUwbLWxWPx3d9p8S5QoaujKcNQxcQ==}

snapshots:

  '@biomejs/biome@2.2.4':
    optionalDependencies:
      '@biomejs/cli-darwin-arm64': 2.2.4
      '@biomejs/cli-darwin-x64': 2.2.4
      '@biomejs/cli-linux-arm64': 2.2.4
      '@biomejs/cli-linux-arm64-musl': 2.2.4
      '@biomejs/cli-linux-x64': 2.2.4
      '@biomejs/cli-linux-x64-musl': 2.2.4
      '@biomejs/cli-win32-arm64': 2.2.4
      '@biomejs/cli-win32-x64': 2.2.4

  '@biomejs/cli-darwin-arm64@2.2.4':
    optional: true

  '@biomejs/cli-darwin-x64@2.2.4':
    optional: true

  '@biomejs/cli-linux-arm64-musl@2.2.4':
    optional: true

  '@biomejs/cli-linux-arm64@2.2.4':
    optional: true

  '@biomejs/cli-linux-x64-musl@2.2.4':
    optional: true

  '@biomejs/cli-linux-x64@2.2.4':
    optional: true

  '@biomejs/cli-win32-arm64@2.2.4':
    optional: true

  '@biomejs/cli-win32-x64@2.2.4':
    optional: true

  '@next/env@13.5.11': {}

  '@next/swc-darwin-arm64@13.5.9':
    optional: true

  '@next/swc-darwin-x64@13.5.9':
    optional: true

  '@next/swc-linux-arm64-gnu@13.5.9':
    optional: true

  '@next/swc-linux-arm64-musl@13.5.9':
    optional: true

  '@next/swc-linux-x64-gnu@13.5.9':
    optional: true

  '@next/swc-linux-x64-musl@13.5.9':
    optional: true

  '@next/swc-win32-arm64-msvc@13.5.9':
    optional: true

  '@next/swc-win32-ia32-msvc@13.5.9':
    optional: true

  '@next/swc-win32-x64-msvc@13.5.9':
    optional: true

  '@swc/helpers@0.5.2':
    dependencies:
      tslib: 2.8.1

  '@types/node@20.19.10':
    dependencies:
      undici-types: 6.21.0

  '@types/prop-types@15.7.15': {}

  '@types/react@18.3.23':
    dependencies:
      '@types/prop-types': 15.7.15
      csstype: 3.1.3

  busboy@1.6.0:
    dependencies:
      streamsearch: 1.1.0

  caniuse-lite@1.0.30001734: {}

  client-only@0.0.1: {}

  csstype@3.1.3: {}

  glob-to-regexp@0.4.1: {}

  graceful-fs@4.2.11: {}

  js-tokens@4.0.0: {}

  loose-envify@1.4.0:
    dependencies:
      js-tokens: 4.0.0

  nanoid@3.3.11: {}

  next@13.5.11(react-dom@18.3.1(react@18.3.1))(react@18.3.1):
    dependencies:
      '@next/env': 13.5.11
      '@swc/helpers': 0.5.2
      busboy: 1.6.0
      caniuse-lite: 1.0.30001734
      postcss: 8.4.31
      react: 18.3.1
      react-dom: 18.3.1(react@18.3.1)
      styled-jsx: 5.1.1(react@18.3.1)
      watchpack: 2.4.0
    optionalDependencies:
      '@next/swc-darwin-arm64': 13.5.9
      '@next/swc-darwin-x64': 13.5.9
      '@next/swc-linux-arm64-gnu': 13.5.9
      '@next/swc-linux-arm64-musl': 13.5.9
      '@next/swc-linux-x64-gnu': 13.5.9
      '@next/swc-linux-x64-musl': 13.5.9
      '@next/swc-win32-arm64-msvc': 13.5.9
      '@next/swc-win32-ia32-msvc': 13.5.9
      '@next/swc-win32-x64-msvc': 13.5.9
    transitivePeerDependencies:
      - '@babel/core'
      - babel-plugin-macros

  picocolors@1.1.1: {}

  postcss@8.4.31:
    dependencies:
      nanoid: 3.3.11
      picocolors: 1.1.1
      source-map-js: 1.2.1

  react-dom@18.3.1(react@18.3.1):
    dependencies:
      loose-envify: 1.4.0
      react: 18.3.1
      scheduler: 0.23.2

  react@18.3.1:
    dependencies:
      loose-envify: 1.4.0

  scheduler@0.23.2:
    dependencies:
      loose-envify: 1.4.0

  source-map-js@1.2.1: {}

  streamsearch@1.1.0: {}

  styled-jsx@5.1.1(react@18.3.1):
    dependencies:
      client-only: 0.0.1
      react: 18.3.1

  tslib@2.8.1: {}

  typescript@4.9.5: {}

  undici-types@6.21.0: {}

  watchpack@2.4.0:
    dependencies:
      glob-to-regexp: 0.4.1
      graceful-fs: 4.2.11

  wretch@2.11.0: {}

  zod@3.25.76: {}
